// !$*UTF8*$!
{
	archiveVersion = 1;
	classes = {
	};
	objectVersion = 46;
	objects = {

/* Begin PBXBuildFile section */
		37024AF31D1D351600C6E6EC /* AppDelegate.swift in Sources */ = {isa = PBXBuildFile; fileRef = 37024AF21D1D351600C6E6EC /* AppDelegate.swift */; };
		37024AF51D1D351600C6E6EC /* ViewController.swift in Sources */ = {isa = PBXBuildFile; fileRef = 37024AF41D1D351600C6E6EC /* ViewController.swift */; };
		37024AF81D1D351600C6E6EC /* Main.storyboard in Resources */ = {isa = PBXBuildFile; fileRef = 37024AF61D1D351600C6E6EC /* Main.storyboard */; };
		37024AFA1D1D351600C6E6EC /* Assets.xcassets in Resources */ = {isa = PBXBuildFile; fileRef = 37024AF91D1D351600C6E6EC /* Assets.xcassets */; };
		37024AFD1D1D351600C6E6EC /* LaunchScreen.storyboard in Resources */ = {isa = PBXBuildFile; fileRef = 37024AFB1D1D351600C6E6EC /* LaunchScreen.storyboard */; };
		37024B051D1D352700C6E6EC /* AlertViewLoveNotification.swift in Sources */ = {isa = PBXBuildFile; fileRef = 37024B041D1D352700C6E6EC /* AlertViewLoveNotification.swift */; };
/* End PBXBuildFile section */

/* Begin PBXFileReference section */
		37024AEF1D1D351500C6E6EC /* AlertViewLoveNotification.app */ = {isa = PBXFileReference; explicitFileType = wrapper.application; includeInIndex = 0; path = AlertViewLoveNotification.app; sourceTree = BUILT_PRODUCTS_DIR; };
		37024AF21D1D351600C6E6EC /* AppDelegate.swift */ = {isa = PBXFileReference; lastKnownFileType = sourcecode.swift; path = AppDelegate.swift; sourceTree = "<group>"; };
		37024AF41D1D351600C6E6EC /* ViewController.swift */ = {isa = PBXFileReference; lastKnownFileType = sourcecode.swift; path = ViewController.swift; sourceTree = "<group>"; };
		37024AF71D1D351600C6E6EC /* Base */ = {isa = PBXFileReference; lastKnownFileType = file.storyboard; name = Base; path = Base.lproj/Main.storyboard; sourceTree = "<group>"; };
		37024AF91D1D351600C6E6EC /* Assets.xcassets */ = {isa = PBXFileReference; lastKnownFileType = folder.assetcatalog; path = Assets.xcassets; sourceTree = "<group>"; };
		37024AFC1D1D351600C6E6EC /* Base */ = {isa = PBXFileReference; lastKnownFileType = file.storyboard; name = Base; path = Base.lproj/LaunchScreen.storyboard; sourceTree = "<group>"; };
		37024AFE1D1D351600C6E6EC /* Info.plist */ = {isa = PBXFileReference; lastKnownFileType = text.plist.xml; path = Info.plist; sourceTree = "<group>"; };
		37024B041D1D352700C6E6EC /* AlertViewLoveNotification.swift */ = {isa = PBXFileReference; fileEncoding = 4; lastKnownFileType = sourcecode.swift; path = AlertViewLoveNotification.swift; sourceTree = "<group>"; };
/* End PBXFileReference section */

/* Begin PBXFrameworksBuildPhase section */
		37024AEC1D1D351500C6E6EC /* Frameworks */ = {
			isa = PBXFrameworksBuildPhase;
			buildActionMask = 2147483647;
			files = (
			);
			runOnlyForDeploymentPostprocessing = 0;
		};
/* End PBXFrameworksBuildPhase section */

/* Begin PBXGroup section */
		37024AE61D1D351500C6E6EC = {
			isa = PBXGroup;
			children = (
				37024AF11D1D351600C6E6EC /* AlertViewLoveNotification */,
				37024AF01D1D351500C6E6EC /* Products */,
			);
			sourceTree = "<group>";
		};
		37024AF01D1D351500C6E6EC /* Products */ = {
			isa = PBXGroup;
			children = (
				37024AEF1D1D351500C6E6EC /* AlertViewLoveNotification.app */,
			);
			name = Products;
			sourceTree = "<group>";
		};
		37024AF11D1D351600C6E6EC /* AlertViewLoveNotification */ = {
			isa = PBXGroup;
			children = (
				37024AF21D1D351600C6E6EC /* AppDelegate.swift */,
				37024AF41D1D351600C6E6EC /* ViewController.swift */,
				37024AF61D1D351600C6E6EC /* Main.storyboard */,
				37024AF91D1D351600C6E6EC /* Assets.xcassets */,
				37024AFB1D1D351600C6E6EC /* LaunchScreen.storyboard */,
				37024AFE1D1D351600C6E6EC /* Info.plist */,
				37024B041D1D352700C6E6EC /* AlertViewLoveNotification.swift */,
			);
			path = AlertViewLoveNotification;
			sourceTree = "<group>";
		};
/* End PBXGroup section */

/* Begin PBXNativeTarget section */
		37024AEE1D1D351500C6E6EC /* AlertViewLoveNotification */ = {
			isa = PBXNativeTarget;
			buildConfigurationList = 37024B011D1D351600C6E6EC /* Build configuration list for PBXNativeTarget "AlertViewLoveNotification" */;
			buildPhases = (
				37024AEB1D1D351500C6E6EC /* Sources */,
				37024AEC1D1D351500C6E6EC /* Frameworks */,
				37024AED1D1D351500C6E6EC /* Resources */,
			);
			buildRules = (
			);
			dependencies = (
			);
			name = AlertViewLoveNotification;
			productName = AlertViewLoveNotification;
			productReference = 37024AEF1D1D351500C6E6EC /* AlertViewLoveNotification.app */;
			productType = "com.apple.product-type.application";
		};
/* End PBXNativeTarget section */

/* Begin PBXProject section */
		37024AE71D1D351500C6E6EC /* Project object */ = {
			isa = PBXProject;
			attributes = {
				LastSwiftUpdateCheck = 0730;
				LastUpgradeCheck = 0730;
				ORGANIZATIONNAME = CookMinute;
				TargetAttributes = {
					37024AEE1D1D351500C6E6EC = {
						CreatedOnToolsVersion = 7.3.1;
					};
				};
			};
			buildConfigurationList = 37024AEA1D1D351500C6E6EC /* Build configuration list for PBXProject "AlertViewLoveNotification" */;
			compatibilityVersion = "Xcode 3.2";
			developmentRegion = English;
			hasScannedForEncodings = 0;
			knownRegions = (
				en,
				Base,
			);
			mainGroup = 37024AE61D1D351500C6E6EC;
			productRefGroup = 37024AF01D1D351500C6E6EC /* Products */;
			projectDirPath = "";
			projectRoot = "";
			targets = (
				37024AEE1D1D351500C6E6EC /* AlertViewLoveNotification */,
			);
		};
/* End PBXProject section */

/* Begin PBXResourcesBuildPhase section */
		37024AED1D1D351500C6E6EC /* Resources */ = {
			isa = PBXResourcesBuildPhase;
			buildActionMask = 2147483647;
			files = (
				37024AFD1D1D351600C6E6EC /* LaunchScreen.storyboard in Resources */,
				37024AFA1D1D351600C6E6EC /* Assets.xcassets in Resources */,
				37024AF81D1D351600C6E6EC /* Main.storyboard in Resources */,
			);
			runOnlyForDeploymentPostprocessing = 0;
		};
/* End PBXResourcesBuildPhase section */

/* Begin PBXSourcesBuildPhase section */
		37024AEB1D1D351500C6E6EC /* Sources */ = {
			isa = PBXSourcesBuildPhase;
			buildActionMask = 2147483647;
			files = (
				37024AF51D1D351600C6E6EC /* ViewController.swift in Sources */,
				37024B051D1D352700C6E6EC /* AlertViewLoveNotification.swift in Sources */,
				37024AF31D1D351600C6E6EC /* AppDelegate.swift in Sources */,
			);
			runOnlyForDeploymentPostprocessing = 0;
		};
/* End PBXSourcesBuildPhase section */

/* Begin PBXVariantGroup section */
		37024AF61D1D351600C6E6EC /* Main.storyboard */ = {
			isa = PBXVariantGroup;
			children = (
				37024AF71D1D351600C6E6EC /* Base */,
			);
			name = Main.storyboard;
			sourceTree = "<group>";
		};
		37024AFB1D1D351600C6E6EC /* LaunchScreen.storyboard */ = {
			isa = PBXVariantGroup;
			children = (
				37024AFC1D1D351600C6E6EC /* Base */,
			);
			name = LaunchScreen.storyboard;
			sourceTree = "<group>";
		};
/* End PBXVariantGroup section */

/* Begin XCBuildConfiguration section */
		37024AFF1D1D351600C6E6EC /* Debug */ = {
			isa = XCBuildConfiguration;
			buildSettings = {
				ALWAYS_SEARCH_USER_PATHS = NO;
				CLANG_ANALYZER_NONNULL = YES;
				CLANG_CXX_LANGUAGE_STANDARD = "gnu++0x";
				CLANG_CXX_LIBRARY = "libc++";
				CLANG_ENABLE_MODULES = YES;
				CLANG_ENABLE_OBJC_ARC = YES;
				CLANG_WARN_BOOL_CONVERSION = YES;
				CLANG_WARN_CONSTANT_CONVERSION = YES;
				CLANG_WARN_DIRECT_OBJC_ISA_USAGE = YES_ERROR;
				CLANG_WARN_EMPTY_BODY = YES;
				CLANG_WARN_ENUM_CONVERSION = YES;
				CLANG_WARN_INT_CONVERSION = YES;
				CLANG_WARN_OBJC_ROOT_CLASS = YES_ERROR;
				CLANG_WARN_UNREACHABLE_CODE = YES;
				CLANG_WARN__DUPLICATE_METHOD_MATCH = YES;
				"CODE_SIGN_IDENTITY[sdk=iphoneos*]" = "iPhone Developer";
				COPY_PHASE_STRIP = NO;
				DEBUG_INFORMATION_FORMAT = dwarf;
				ENABLE_STRICT_OBJC_MSGSEND = YES;
				ENABLE_TESTABILITY = YES;
				GCC_C_LANGUAGE_STANDARD = gnu99;
				GCC_DYNAMIC_NO_PIC = NO;
				GCC_NO_COMMON_BLOCKS = YES;
				GCC_OPTIMIZATION_LEVEL = 0;
				GCC_PREPROCESSOR_DEFINITIONS = (
					"DEBUG=1",
					"$(inherited)",
				);
				GCC_WARN_64_TO_32_BIT_CONVERSION = YES;
				GCC_WARN_ABOUT_RETURN_TYPE = YES_ERROR;
				GCC_WARN_UNDECLARED_SELECTOR = YES;
				GCC_WARN_UNINITIALIZED_AUTOS = YES_AGGRESSIVE;
				GCC_WARN_UNUSED_FUNCTION = YES;
				GCC_WARN_UNUSED_VARIABLE = YES;
				IPHONEOS_DEPLOYMENT_TARGET = 9.3;
				MTL_ENABLE_DEBUG_INFO = YES;
				ONLY_ACTIVE_ARCH = YES;
				SDKROOT = iphoneos;
				SWIFT_OPTIMIZATION_LEVEL = "-Onone";
				TARGETED_DEVICE_FAMILY = "1,2";
			};
			name = Debug;
		};
		37024B001D1D351600C6E6EC /* Release */ = {
			isa = XCBuildConfiguration;
			buildSettings = {
				ALWAYS_SEARCH_USER_PATHS = NO;
				CLANG_ANALYZER_NONNULL = YES;
				CLANG_CXX_LANGUAGE_STANDARD = "gnu++0x";
				CLANG_CXX_LIBRARY = "libc++";
				CLANG_ENABLE_MODULES = YES;
				CLANG_ENABLE_OBJC_ARC = YES;
				CLANG_WARN_BOOL_CONVERSION = YES;
				CLANG_WARN_CONSTANT_CONVERSION = YES;
				CLANG_WARN_DIRECT_OBJC_ISA_USAGE = YES_ERROR;
				CLANG_WARN_EMPTY_BODY = YES;
				CLANG_WARN_ENUM_CONVERSION = YES;
				CLANG_WARN_INT_CONVERSION = YES;
				CLANG_WARN_OBJC_ROOT_CLASS = YES_ERROR;
				CLANG_WARN_UNREACHABLE_CODE = YES;
				CLANG_WARN__DUPLICATE_METHOD_MATCH = YES;
				"CODE_SIGN_IDENTITY[sdk=iphoneos*]" = "iPhone Developer";
				COPY_PHASE_STRIP = NO;
				DEBUG_INFORMATION_FORMAT = "dwarf-with-dsym";
				ENABLE_NS_ASSERTIONS = NO;
				ENABLE_STRICT_OBJC_MSGSEND = YES;
				GCC_C_LANGUAGE_STANDARD = gnu99;
				GCC_NO_COMMON_BLOCKS = YES;
				GCC_WARN_64_TO_32_BIT_CONVERSION = YES;
				GCC_WARN_ABOUT_RETURN_TYPE = YES_ERROR;
				GCC_WARN_UNDECLARED_SELECTOR = YES;
				GCC_WARN_UNINITIALIZED_AUTOS = YES_AGGRESSIVE;
				GCC_WARN_UNUSED_FUNCTION = YES;
				GCC_WARN_UNUSED_VARIABLE = YES;
				IPHONEOS_DEPLOYMENT_TARGET = 9.3;
				MTL_ENABLE_DEBUG_INFO = NO;
				SDKROOT = iphoneos;
				TARGETED_DEVICE_FAMILY = "1,2";
				VALIDATE_PRODUCT = YES;
			};
			name = Release;
		};
		37024B021D1D351600C6E6EC /* Debug */ = {
			isa = XCBuildConfiguration;
			buildSettings = {
				ASSETCATALOG_COMPILER_APPICON_NAME = AppIcon;
				INFOPLIST_FILE = AlertViewLoveNotification/Info.plist;
				LD_RUNPATH_SEARCH_PATHS = "$(inherited) @executable_path/Frameworks";
				PRODUCT_BUNDLE_IDENTIFIER = com.cookminute.AlertViewLoveNotification;
				PRODUCT_NAME = "$(TARGET_NAME)";
			};
			name = Debug;
		};
		37024B031D1D351600C6E6EC /* Release */ = {
			isa = XCBuildConfiguration;
			buildSettings = {
				ASSETCATALOG_COMPILER_APPICON_NAME = AppIcon;
				INFOPLIST_FILE = AlertViewLoveNotification/Info.plist;
				LD_RUNPATH_SEARCH_PATHS = "$(inherited) @executable_path/Frameworks";
				PRODUCT_BUNDLE_IDENTIFIER = com.cookminute.AlertViewLoveNotification;
				PRODUCT_NAME = "$(TARGET_NAME)";
			};
			name = Release;
		};
/* End XCBuildConfiguration section */

/* Begin XCConfigurationList section */
		37024AEA1D1D351500C6E6EC /* Build configuration list for PBXProject "AlertViewLoveNotification" */ = {
			isa = XCConfigurationList;
			buildConfigurations = (
				37024AFF1D1D351600C6E6EC /* Debug */,
				37024B001D1D351600C6E6EC /* Release */,
			);
			defaultConfigurationIsVisible = 0;
			defaultConfigurationName = Release;
		};
		37024B011D1D351600C6E6EC /* Build configuration list for PBXNativeTarget "AlertViewLoveNotification" */ = {
			isa = XCConfigurationList;
			buildConfigurations = (
				37024B021D1D351600C6E6EC /* Debug */,
				37024B031D1D351600C6E6EC /* Release */,
			);
			defaultConfigurationIsVisible = 0;
		};
/* End XCConfigurationList section */
	};
	rootObject = 37024AE71D1D351500C6E6EC /* Project object */;
}
